
Microsoft Visual Studio Solution File, Format Version 12.00
# Visual Studio Version 17
VisualStudioVersion = 17.6.33513.286
MinimumVisualStudioVersion = 10.0.40219.1
Project("{FAE04EC0-301F-11D3-BF4B-00C04F79EFBC}") = "ScopeWebApi", "ScopeWebApi.csproj", "{9FF456C6-3498-4762-8FF5-1A9662B2C8AB}"
EndProject
Project("{FAE04EC0-301F-11D3-BF4B-00C04F79EFBC}") = "Logic", "..\Logic\Logic.csproj", "{AA66B377-55C7-4EF3-9E1D-69A24BBEF81D}"
EndProject
Global
	GlobalSection(SolutionConfigurationPlatforms) = preSolution
		Debug|Any CPU = Debug|Any CPU
		Release|Any CPU = Release|Any CPU
	EndGlobalSection
	GlobalSection(ProjectConfigurationPlatforms) = postSolution
		{9FF456C6-3498-4762-8FF5-1A9662B2C8AB}.Debug|Any CPU.ActiveCfg = Debug|Any CPU
		{9FF456C6-3498-4762-8FF5-1A9662B2C8AB}.Debug|Any CPU.Build.0 = Debug|Any CPU
		{9FF456C6-3498-4762-8FF5-1A9662B2C8AB}.Release|Any CPU.ActiveCfg = Release|Any CPU
		{9FF456C6-3498-4762-8FF5-1A9662B2C8AB}.Release|Any CPU.Build.0 = Release|Any CPU
		{AA66B377-55C7-4EF3-9E1D-69A24BBEF81D}.Debug|Any CPU.ActiveCfg = Debug|Any CPU
		{AA66B377-55C7-4EF3-9E1D-69A24BBEF81D}.Debug|Any CPU.Build.0 = Debug|Any CPU
		{AA66B377-55C7-4EF3-9E1D-69A24BBEF81D}.Release|Any CPU.ActiveCfg = Release|Any CPU
		{AA66B377-55C7-4EF3-9E1D-69A24BBEF81D}.Release|Any CPU.Build.0 = Release|Any CPU
	EndGlobalSection
	GlobalSection(SolutionProperties) = preSolution
		HideSolutionNode = FALSE
	EndGlobalSection
	GlobalSection(ExtensibilityGlobals) = postSolution
		SolutionGuid = {6595808D-AD62-4825-A850-54E2B1637E40}
	EndGlobalSection
EndGlobal
