
Microsoft Visual Studio Solution File, Format Version 12.00
# Visual Studio Version 17
VisualStudioVersion = 17.5.33312.197
MinimumVisualStudioVersion = 10.0.40219.1
Project("{2150E333-8FDC-42A3-9474-1A3956D46DE8}") = "Solution Items", "Solution Items", "{8BE4A2D1-A8CA-474E-B87A-E3799C176608}"
EndProject
Project("{2150E333-8FDC-42A3-9474-1A3956D46DE8}") = "src", "src", "{7AE1E3EC-45A4-454A-8F55-2BB3B1625CF2}"
	ProjectSection(SolutionItems) = preProject
		..\src\client_action_codes.py = ..\src\client_action_codes.py
		..\src\client_action_home.py = ..\src\client_action_home.py
		..\src\client_action_router.py = ..\src\client_action_router.py
		..\src\controller.py = ..\src\controller.py
		..\src\flasher.py = ..\src\flasher.py
		..\src\irexception.py = ..\src\irexception.py
		..\src\ir_transmitter.py = ..\src\ir_transmitter.py
		..\src\listener.py = ..\src\listener.py
		..\src\logger.py = ..\src\logger.py
		..\src\maincode.py = ..\src\maincode.py
		..\src\network_wrapper.py = ..\src\network_wrapper.py
		..\src\pico_network.py = ..\src\pico_network.py
		..\src\pinwatcher.py = ..\src\pinwatcher.py
		..\src\toggler.py = ..\src\toggler.py
		..\src\url_request_decoder.py = ..\src\url_request_decoder.py
	EndProjectSection
EndProject
Project("{2150E333-8FDC-42A3-9474-1A3956D46DE8}") = "tests", "tests", "{75C6D714-B0E6-4578-BFFF-A85456068F12}"
	ProjectSection(SolutionItems) = preProject
		..\tests\test_client_action_codes.py = ..\tests\test_client_action_codes.py
		..\tests\test_client_action_home.py = ..\tests\test_client_action_home.py
		..\tests\test_client_action_router.py = ..\tests\test_client_action_router.py
		..\tests\test_flasher.py = ..\tests\test_flasher.py
		..\tests\test_ir_transmitter.py = ..\tests\test_ir_transmitter.py
		..\tests\test_logger.py = ..\tests\test_logger.py
		..\tests\test_pinwatcher.py = ..\tests\test_pinwatcher.py
		..\tests\test_url_request_decoder.py = ..\tests\test_url_request_decoder.py
		..\tests\test_waveanalyser.py = ..\tests\test_waveanalyser.py
	EndProjectSection
EndProject
Project("{2150E333-8FDC-42A3-9474-1A3956D46DE8}") = "Pico", "Pico", "{00D60B4D-0181-4033-8584-C01AC76582A7}"
	ProjectSection(SolutionItems) = preProject
		..\src\main.py = ..\src\main.py
	EndProjectSection
EndProject
Project("{2150E333-8FDC-42A3-9474-1A3956D46DE8}") = "Mock", "Mock", "{C517FF09-DB07-45F9-806C-0F9F330070D3}"
	ProjectSection(SolutionItems) = preProject
		..\mock\mock.py = ..\mock\mock.py
		..\mock\mocknetwork.py = ..\mock\mocknetwork.py
		..\mock\mockpin.py = ..\mock\mockpin.py
	EndProjectSection
EndProject
Project("{2150E333-8FDC-42A3-9474-1A3956D46DE8}") = "plot", "plot", "{AAA7ACC1-99AC-4D4B-9936-8C4D299F128B}"
	ProjectSection(SolutionItems) = preProject
		..\plots\plot.py = ..\plots\plot.py
	EndProjectSection
EndProject
Project("{2150E333-8FDC-42A3-9474-1A3956D46DE8}") = "waveforms", "waveforms", "{CCB647E2-9D54-49DC-9C69-3A6DC1559494}"
	ProjectSection(SolutionItems) = preProject
		..\src\wave_forms\waveanalyser.py = ..\src\wave_forms\waveanalyser.py
		..\src\wave_forms\waveform.py = ..\src\wave_forms\waveform.py
		..\src\wave_forms\waveforms_manager.py = ..\src\wave_forms\waveforms_manager.py
	EndProjectSection
EndProject
Project("{2150E333-8FDC-42A3-9474-1A3956D46DE8}") = "waveforms", "waveforms", "{1B40F82A-AF3D-47F7-8856-D5F36969102A}"
	ProjectSection(SolutionItems) = preProject
		..\tests\test_waveanalyser.py = ..\tests\test_waveanalyser.py
		..\tests\test_waveform.py = ..\tests\test_waveform.py
		..\tests\test_waveforms_manager.py = ..\tests\test_waveforms_manager.py
	EndProjectSection
EndProject
Global
	GlobalSection(SolutionProperties) = preSolution
		HideSolutionNode = FALSE
	EndGlobalSection
	GlobalSection(NestedProjects) = preSolution
		{7AE1E3EC-45A4-454A-8F55-2BB3B1625CF2} = {8BE4A2D1-A8CA-474E-B87A-E3799C176608}
		{75C6D714-B0E6-4578-BFFF-A85456068F12} = {8BE4A2D1-A8CA-474E-B87A-E3799C176608}
		{00D60B4D-0181-4033-8584-C01AC76582A7} = {8BE4A2D1-A8CA-474E-B87A-E3799C176608}
		{C517FF09-DB07-45F9-806C-0F9F330070D3} = {8BE4A2D1-A8CA-474E-B87A-E3799C176608}
		{AAA7ACC1-99AC-4D4B-9936-8C4D299F128B} = {8BE4A2D1-A8CA-474E-B87A-E3799C176608}
		{CCB647E2-9D54-49DC-9C69-3A6DC1559494} = {7AE1E3EC-45A4-454A-8F55-2BB3B1625CF2}
		{1B40F82A-AF3D-47F7-8856-D5F36969102A} = {75C6D714-B0E6-4578-BFFF-A85456068F12}
	EndGlobalSection
	GlobalSection(ExtensibilityGlobals) = postSolution
		SolutionGuid = {CE166307-D452-4CEE-A095-45EF435EEC30}
	EndGlobalSection
EndGlobal
