<?xml version="1.0" encoding="utf-8"?>
<Project ToolsVersion="4.0" xmlns="http://schemas.microsoft.com/developer/msbuild/2003">
  <ItemGroup>
    <Filter Include="Source Files">
      <UniqueIdentifier>{4FC737F1-C7A5-4376-A066-2A32D752A2FF}</UniqueIdentifier>
      <Extensions>cpp;c;cc;cxx;c++;cppm;ixx;def;odl;idl;hpj;bat;asm;asmx</Extensions>
    </Filter>
    <Filter Include="Header Files">
      <UniqueIdentifier>{93995380-89BD-4b04-88EB-625FBE52EBFB}</UniqueIdentifier>
      <Extensions>h;hh;hpp;hxx;h++;hm;inl;inc;ipp;xsd</Extensions>
    </Filter>
    <Filter Include="Resource Files">
      <UniqueIdentifier>{67DA6AB6-F800-4c08-8B7A-83BB121AAD01}</UniqueIdentifier>
      <Extensions>rc;ico;cur;bmp;dlg;rc2;rct;bin;rgs;gif;jpg;jpeg;jpe;resx;tiff;tif;png;wav;mfcribbon-ms</Extensions>
    </Filter>
    <Filter Include="Source Files\Tests">
      <UniqueIdentifier>{264c17fd-4f1e-4f32-a6d6-ff336c0992e5}</UniqueIdentifier>
    </Filter>
    <Filter Include="Source Files\Tests\Mocks">
      <UniqueIdentifier>{a88f8a72-ef0d-4c72-81b9-7dbfc6eb5a6d}</UniqueIdentifier>
    </Filter>
    <Filter Include="Source Files\Tests\logic">
      <UniqueIdentifier>{1cbfab07-31fd-4524-96ad-b6cd85976173}</UniqueIdentifier>
    </Filter>
    <Filter Include="Source Files\Tests\logic\input_form">
      <UniqueIdentifier>{de59b312-9a60-46e7-a6bb-f0fbdf331e5f}</UniqueIdentifier>
    </Filter>
    <Filter Include="Source Files\Tests\logic\connecting">
      <UniqueIdentifier>{066d8bb7-50a3-491f-8ea2-4b5a3d3116ec}</UniqueIdentifier>
    </Filter>
    <Filter Include="Source Files\Tests\logic\credentials">
      <UniqueIdentifier>{c703e3aa-3d4a-44cb-8f7e-e673fbc233dc}</UniqueIdentifier>
    </Filter>
    <Filter Include="Source Files\Tests\logic\flash">
      <UniqueIdentifier>{e5e2c4d9-5529-46cb-aef8-027f9bc8e8d7}</UniqueIdentifier>
    </Filter>
    <Filter Include="Source Files\Tests\configurations">
      <UniqueIdentifier>{b1bd991a-79b0-4143-9b3a-ceae5850db40}</UniqueIdentifier>
    </Filter>
    <Filter Include="Source Files\Tests\TestFramework">
      <UniqueIdentifier>{a15c73a7-6781-40e9-a01e-6e386b351422}</UniqueIdentifier>
    </Filter>
    <Filter Include="Source Files\Tests\gpio">
      <UniqueIdentifier>{6042fd35-6f7e-42ce-aeeb-56b662fa6e6f}</UniqueIdentifier>
    </Filter>
    <Filter Include="Source Files\hotspot">
      <UniqueIdentifier>{1edd5930-c78b-4b55-8a2a-c74bce583438}</UniqueIdentifier>
    </Filter>
    <Filter Include="Source Files\hotspot\logic">
      <UniqueIdentifier>{3e1aff8c-b767-4de4-837f-b41d71701943}</UniqueIdentifier>
    </Filter>
    <Filter Include="Source Files\hotspot\logic\requests">
      <UniqueIdentifier>{ab4261f7-2b2f-41ae-86c3-06a8fd77de7f}</UniqueIdentifier>
    </Filter>
    <Filter Include="Source Files\hotspot\logic\input_form">
      <UniqueIdentifier>{1c50af89-5b48-4a21-8aa1-799412a75c46}</UniqueIdentifier>
    </Filter>
    <Filter Include="Source Files\hotspot\logic\connecting">
      <UniqueIdentifier>{e7170d7d-770f-4cb4-ab86-364b06fa708c}</UniqueIdentifier>
    </Filter>
    <Filter Include="Source Files\hotspot\logic\credentials">
      <UniqueIdentifier>{7860a865-60b2-417f-ae23-94c3adc08a9d}</UniqueIdentifier>
    </Filter>
    <Filter Include="Source Files\hotspot\logic\flash">
      <UniqueIdentifier>{47e37eb7-2d9c-4d4d-90be-1e3641e69c96}</UniqueIdentifier>
    </Filter>
    <Filter Include="Source Files\gpio">
      <UniqueIdentifier>{0299247f-f829-4ebc-84db-3a23336f45fe}</UniqueIdentifier>
    </Filter>
    <Filter Include="Source Files\pico_scope">
      <UniqueIdentifier>{1e960e3a-ed63-4345-814e-a05439e4cdee}</UniqueIdentifier>
    </Filter>
    <Filter Include="Source Files\Tests\pico_scope">
      <UniqueIdentifier>{66a97076-c406-4977-ae8d-78f32b369bbf}</UniqueIdentifier>
    </Filter>
    <Filter Include="Source Files\rest">
      <UniqueIdentifier>{d91b72ed-d749-4763-ae21-c5dd7bb0d494}</UniqueIdentifier>
    </Filter>
    <Filter Include="Source Files\Tests\rest">
      <UniqueIdentifier>{69aa7548-317b-45b6-8baf-7ae685161556}</UniqueIdentifier>
    </Filter>
    <Filter Include="Source Files\hw_if">
      <UniqueIdentifier>{cb133ce9-863d-4ff2-98f2-fd47eba6e403}</UniqueIdentifier>
    </Filter>
    <Filter Include="Source Files\Tests\ir">
      <UniqueIdentifier>{8a766033-927f-4791-bc0b-c15e5553e263}</UniqueIdentifier>
    </Filter>
    <Filter Include="Source Files\ir">
      <UniqueIdentifier>{005012a1-b330-4a16-8649-5b940f4917a4}</UniqueIdentifier>
    </Filter>
    <Filter Include="Source Files\ir\codes">
      <UniqueIdentifier>{3113dee5-8cfd-491d-bae8-d3d8f52cf9aa}</UniqueIdentifier>
    </Filter>
    <Filter Include="Source Files\Tests\ir\codes">
      <UniqueIdentifier>{61f08f1b-36b6-4ac1-b33a-b79a3e180842}</UniqueIdentifier>
    </Filter>
    <Filter Include="Source Files\ir\server_responses">
      <UniqueIdentifier>{1cbb920c-9344-4046-b34f-181897f3c24c}</UniqueIdentifier>
    </Filter>
    <Filter Include="Source Files\Tests\ir\server_responses">
      <UniqueIdentifier>{80c51e13-c256-4bda-9549-0c61b011d8ea}</UniqueIdentifier>
    </Filter>
    <Filter Include="Source Files\Tests\ir\server">
      <UniqueIdentifier>{5c25c0ad-2cc7-46d7-9506-f6d09c0f683b}</UniqueIdentifier>
    </Filter>
    <Filter Include="Source Files\ir\server">
      <UniqueIdentifier>{b42e1cb3-dceb-4e74-a5a6-77dbb3d05788}</UniqueIdentifier>
    </Filter>
  </ItemGroup>
  <ItemGroup>
    <ClCompile Include="Tests.cpp">
      <Filter>Source Files</Filter>
    </ClCompile>
    <ClCompile Include="Tests\logic\input_form\HtmlRendererTests.cpp">
      <Filter>Source Files\Tests\logic\input_form</Filter>
    </ClCompile>
    <ClCompile Include="Tests\logic\input_form\InputFormRendererTests.cpp">
      <Filter>Source Files\Tests\logic\input_form</Filter>
    </ClCompile>
    <ClCompile Include="Tests\logic\connecting\WIIFIConnectorTests.cpp">
      <Filter>Source Files\Tests\logic\connecting</Filter>
    </ClCompile>
    <ClCompile Include="Tests\TestFramework\Assert.cpp">
      <Filter>Source Files\Tests\TestFramework</Filter>
    </ClCompile>
    <ClCompile Include="Tests\TestFramework\TestModule.cpp">
      <Filter>Source Files\Tests\TestFramework</Filter>
    </ClCompile>
    <ClCompile Include="Tests\TestFramework\TestFramework.cpp">
      <Filter>Source Files\Tests\TestFramework</Filter>
    </ClCompile>
    <ClCompile Include="Tests\logic\credentials\CredentialsHandlerTests.cpp">
      <Filter>Source Files\Tests\logic\credentials</Filter>
    </ClCompile>
    <ClCompile Include="Tests\logic\flash\FlashManagerTests.cpp">
      <Filter>Source Files\Tests\logic\flash</Filter>
    </ClCompile>
    <ClCompile Include="Tests\logic\credentials\PercentDecoderTests.cpp">
      <Filter>Source Files\Tests\logic\credentials</Filter>
    </ClCompile>
    <ClCompile Include="Tests\configurations\HotSpotConfigurationTests.cpp">
      <Filter>Source Files\Tests\configurations</Filter>
    </ClCompile>
    <ClCompile Include="Tests\gpio\GPIOTests.cpp">
      <Filter>Source Files\Tests\gpio</Filter>
    </ClCompile>
    <ClCompile Include="hotspot\logic\requests\hotspot_configuration.cpp">
      <Filter>Source Files\hotspot\logic\requests</Filter>
    </ClCompile>
    <ClCompile Include="hotspot\logic\input_form\html_renderer.cpp">
      <Filter>Source Files\hotspot\logic\input_form</Filter>
    </ClCompile>
    <ClCompile Include="hotspot\logic\input_form\input_form_renderer.cpp">
      <Filter>Source Files\hotspot\logic\input_form</Filter>
    </ClCompile>
    <ClCompile Include="hotspot\logic\connecting\wifi_connection_maker.cpp">
      <Filter>Source Files\hotspot\logic\connecting</Filter>
    </ClCompile>
    <ClCompile Include="hotspot\logic\credentials\credentials_handler.cpp">
      <Filter>Source Files\hotspot\logic\credentials</Filter>
    </ClCompile>
    <ClCompile Include="hotspot\logic\credentials\percent_decoder.cpp">
      <Filter>Source Files\hotspot\logic\credentials</Filter>
    </ClCompile>
    <ClCompile Include="hotspot\logic\flash\flash_manager.cpp">
      <Filter>Source Files\hotspot\logic\flash</Filter>
    </ClCompile>
    <ClCompile Include="gpio\gpio_input.cpp">
      <Filter>Source Files\gpio</Filter>
    </ClCompile>
    <ClCompile Include="pico_scope\pico_scope.cpp">
      <Filter>Source Files\pico_scope</Filter>
    </ClCompile>
    <ClCompile Include="pico_scope\pico_scope_trace.cpp">
      <Filter>Source Files\pico_scope</Filter>
    </ClCompile>
    <ClCompile Include="Tests\pico_scope\PicoScopeTests.cpp">
      <Filter>Source Files\Tests\pico_scope</Filter>
    </ClCompile>
    <ClCompile Include="Tests\rest\RestHandlerTests.cpp">
      <Filter>Source Files\Tests\rest</Filter>
    </ClCompile>
    <ClCompile Include="Tests\pico_scope\TraceDataFormatterTests.cpp">
      <Filter>Source Files\Tests\pico_scope</Filter>
    </ClCompile>
    <ClCompile Include="pico_scope\trace_data_formatter.cpp">
      <Filter>Source Files\pico_scope</Filter>
    </ClCompile>
    <ClCompile Include="Tests\rest\TcpResponseAnalyserTests.cpp">
      <Filter>Source Files\Tests\rest</Filter>
    </ClCompile>
    <ClCompile Include="rest\tcp_response_analyser.cpp">
      <Filter>Source Files\rest</Filter>
    </ClCompile>
    <ClCompile Include="rest\rest_handler.cpp">
      <Filter>Source Files\rest</Filter>
    </ClCompile>
    <ClCompile Include="ir\codes\ir_code_repository.cpp">
      <Filter>Source Files\ir\codes</Filter>
    </ClCompile>
    <ClCompile Include="Tests\ir\codes\ir_code_repository_tests.cpp">
      <Filter>Source Files\Tests\ir\codes</Filter>
    </ClCompile>
    <ClCompile Include="Tests\ir\ir_tcp_request_handler_tests.cpp">
      <Filter>Source Files\Tests\ir</Filter>
    </ClCompile>
    <ClCompile Include="ir\ir_tcp_request_handler.cpp">
      <Filter>Source Files\ir</Filter>
    </ClCompile>
    <ClCompile Include="Tests\ir\server_responses\codes_record_request_handler_tests.cpp">
      <Filter>Source Files\Tests\ir\server_responses</Filter>
    </ClCompile>
    <ClCompile Include="ir\server_responses\codes_record_request_handler.cpp">
      <Filter>Source Files\ir\server_responses</Filter>
    </ClCompile>
    <ClCompile Include="Tests\ir\server\http_request_router_tests.cpp">
      <Filter>Source Files\Tests\ir\server</Filter>
    </ClCompile>
    <ClCompile Include="ir\server\http_request_router.cpp">
      <Filter>Source Files\ir\server</Filter>
    </ClCompile>
  </ItemGroup>
  <ItemGroup>
    <ClInclude Include="Tests\logic\input_form\HtmlRendererTests.h">
      <Filter>Source Files\Tests\logic\input_form</Filter>
    </ClInclude>
    <ClInclude Include="Tests\logic\input_form\InputFormRendererTests.h">
      <Filter>Source Files\Tests\logic\input_form</Filter>
    </ClInclude>
    <ClInclude Include="Tests\logic\connecting\WIFIConnectorTests.h">
      <Filter>Source Files\Tests\logic\connecting</Filter>
    </ClInclude>
    <ClInclude Include="Tests\TestFramework\Assert.h">
      <Filter>Source Files\Tests\TestFramework</Filter>
    </ClInclude>
    <ClInclude Include="Tests\TestFramework\ITestModule.h">
      <Filter>Source Files\Tests\TestFramework</Filter>
    </ClInclude>
    <ClInclude Include="Tests\TestFramework\TestFramework.h">
      <Filter>Source Files\Tests\TestFramework</Filter>
    </ClInclude>
    <ClInclude Include="Tests\logic\credentials\CredentialsHandlerTests.h">
      <Filter>Source Files\Tests\logic\credentials</Filter>
    </ClInclude>
    <ClInclude Include="Tests\logic\flash\FlashManagerTests.h">
      <Filter>Source Files\Tests\logic\flash</Filter>
    </ClInclude>
    <ClInclude Include="Tests\logic\credentials\PercentDecoderTests.h">
      <Filter>Source Files\Tests\logic\credentials</Filter>
    </ClInclude>
    <ClInclude Include="Tests\configurations\HotSpotConfigurationTests.h">
      <Filter>Source Files\Tests\configurations</Filter>
    </ClInclude>
    <ClInclude Include="Tests\gpio\GPIOTests.h">
      <Filter>Source Files\Tests\gpio</Filter>
    </ClInclude>
    <ClInclude Include="hotspot\logic\requests\hotspot_configuration.h">
      <Filter>Source Files\hotspot\logic\requests</Filter>
    </ClInclude>
    <ClInclude Include="hotspot\logic\input_form\html_renderer.h">
      <Filter>Source Files\hotspot\logic\input_form</Filter>
    </ClInclude>
    <ClInclude Include="hotspot\logic\input_form\ihtml_renderer.h">
      <Filter>Source Files\hotspot\logic\input_form</Filter>
    </ClInclude>
    <ClInclude Include="hotspot\logic\input_form\iinput_form_renderer.h">
      <Filter>Source Files\hotspot\logic\input_form</Filter>
    </ClInclude>
    <ClInclude Include="hotspot\logic\input_form\input_form_renderer.h">
      <Filter>Source Files\hotspot\logic\input_form</Filter>
    </ClInclude>
    <ClInclude Include="hotspot\logic\connecting\wifi_connection_maker.h">
      <Filter>Source Files\hotspot\logic\connecting</Filter>
    </ClInclude>
    <ClInclude Include="hotspot\logic\credentials\credentials_handler.h">
      <Filter>Source Files\hotspot\logic\credentials</Filter>
    </ClInclude>
    <ClInclude Include="hotspot\logic\credentials\percent_decoder.h">
      <Filter>Source Files\hotspot\logic\credentials</Filter>
    </ClInclude>
    <ClInclude Include="hotspot\logic\flash\flash_hardware.h">
      <Filter>Source Files\hotspot\logic\flash</Filter>
    </ClInclude>
    <ClInclude Include="hotspot\logic\flash\flash_manager.h">
      <Filter>Source Files\hotspot\logic\flash</Filter>
    </ClInclude>
    <ClInclude Include="gpio\gpio.h">
      <Filter>Source Files\gpio</Filter>
    </ClInclude>
    <ClInclude Include="pico_scope\pico_scope.h">
      <Filter>Source Files\pico_scope</Filter>
    </ClInclude>
    <ClInclude Include="Tests\pico_scope\PicoScopeTests.h">
      <Filter>Source Files\Tests\pico_scope</Filter>
    </ClInclude>
    <ClInclude Include="Tests\Mocks\MockHardwareInteface.h">
      <Filter>Source Files\Tests\Mocks</Filter>
    </ClInclude>
    <ClInclude Include="Tests\rest\RestHandlerTests.h">
      <Filter>Source Files\Tests\rest</Filter>
    </ClInclude>
    <ClInclude Include="Tests\pico_scope\TraceDataFormatterTests.h">
      <Filter>Source Files\Tests\pico_scope</Filter>
    </ClInclude>
    <ClInclude Include="rest\itcp_response_analyser.h">
      <Filter>Source Files\rest</Filter>
    </ClInclude>
    <ClInclude Include="Tests\rest\TcpResponseAnalyserTests.h">
      <Filter>Source Files\Tests\rest</Filter>
    </ClInclude>
    <ClInclude Include="rest\tcp_response_analyser.h">
      <Filter>Source Files\rest</Filter>
    </ClInclude>
    <ClInclude Include="rest\irest_handler.h">
      <Filter>Source Files\rest</Filter>
    </ClInclude>
    <ClInclude Include="rest\rest_handler.h">
      <Filter>Source Files\rest</Filter>
    </ClInclude>
    <ClInclude Include="hw_if\pico_hardware_interface.h">
      <Filter>Source Files\hw_if</Filter>
    </ClInclude>
    <ClInclude Include="ir\codes\ir_code.h">
      <Filter>Source Files\ir\codes</Filter>
    </ClInclude>
    <ClInclude Include="ir\codes\ir_code_repository.h">
      <Filter>Source Files\ir\codes</Filter>
    </ClInclude>
    <ClInclude Include="Tests\ir\codes\ir_code_repository_tests.h">
      <Filter>Source Files\Tests\ir\codes</Filter>
    </ClInclude>
    <ClInclude Include="Tests\ir\ir_tcp_request_handler_tests.h">
      <Filter>Source Files\Tests\ir</Filter>
    </ClInclude>
    <ClInclude Include="ir\ir_tcp_request_handler.h">
      <Filter>Source Files\ir</Filter>
    </ClInclude>
    <ClInclude Include="ir\server_responses\codes_display_request_handler.h">
      <Filter>Source Files\ir\server_responses</Filter>
    </ClInclude>
    <ClInclude Include="ir\server_responses\codes_record_request_handler.h">
      <Filter>Source Files\ir\server_responses</Filter>
    </ClInclude>
    <ClInclude Include="Tests\ir\server_responses\codes_record_request_handler_tests.h">
      <Filter>Source Files\Tests\ir\server_responses</Filter>
    </ClInclude>
    <ClInclude Include="Tests\ir\server\http_request_router_tests.h">
      <Filter>Source Files\Tests\ir\server</Filter>
    </ClInclude>
    <ClInclude Include="ir\server\http_request_router.h">
      <Filter>Source Files\ir\server</Filter>
    </ClInclude>
  </ItemGroup>
</Project>