<?xml version="1.0" encoding="utf-8"?>
<Project ToolsVersion="4.0" xmlns="http://schemas.microsoft.com/developer/msbuild/2003">
  <ItemGroup>
    <Filter Include="Source Files">
      <UniqueIdentifier>{4FC737F1-C7A5-4376-A066-2A32D752A2FF}</UniqueIdentifier>
      <Extensions>cpp;c;cc;cxx;c++;cppm;ixx;def;odl;idl;hpj;bat;asm;asmx</Extensions>
    </Filter>
    <Filter Include="Header Files">
      <UniqueIdentifier>{93995380-89BD-4b04-88EB-625FBE52EBFB}</UniqueIdentifier>
      <Extensions>h;hh;hpp;hxx;h++;hm;inl;inc;ipp;xsd</Extensions>
    </Filter>
    <Filter Include="Resource Files">
      <UniqueIdentifier>{67DA6AB6-F800-4c08-8B7A-83BB121AAD01}</UniqueIdentifier>
      <Extensions>rc;ico;cur;bmp;dlg;rc2;rct;bin;rgs;gif;jpg;jpeg;jpe;resx;tiff;tif;png;wav;mfcribbon-ms</Extensions>
    </Filter>
    <Filter Include="Source Files\Tests">
      <UniqueIdentifier>{264c17fd-4f1e-4f32-a6d6-ff336c0992e5}</UniqueIdentifier>
    </Filter>
    <Filter Include="Source Files\configurations">
      <UniqueIdentifier>{f4a35d3a-6fdf-4e82-8397-3736e7079c96}</UniqueIdentifier>
    </Filter>
    <Filter Include="Source Files\logic">
      <UniqueIdentifier>{960cb8aa-e68e-432c-af0d-b8184629ed76}</UniqueIdentifier>
    </Filter>
    <Filter Include="Source Files\Tests\Mocks">
      <UniqueIdentifier>{a88f8a72-ef0d-4c72-81b9-7dbfc6eb5a6d}</UniqueIdentifier>
    </Filter>
    <Filter Include="Source Files\logic\input_form">
      <UniqueIdentifier>{b3ffffc6-23ba-40f0-a49b-cd2570dd09ed}</UniqueIdentifier>
    </Filter>
    <Filter Include="Source Files\logic\credentials">
      <UniqueIdentifier>{c28a13bd-2313-454b-9b52-1a3b945d77ae}</UniqueIdentifier>
    </Filter>
  </ItemGroup>
  <ItemGroup>
    <ClCompile Include="Tests\LedConfigurationTests.cpp">
      <Filter>Source Files\Tests</Filter>
    </ClCompile>
    <ClCompile Include="configurations\led_configuration.cpp">
      <Filter>Source Files\configurations</Filter>
    </ClCompile>
    <ClCompile Include="Tests.cpp">
      <Filter>Source Files</Filter>
    </ClCompile>
    <ClCompile Include="Tests\Assert.cpp">
      <Filter>Source Files\Tests</Filter>
    </ClCompile>
    <ClCompile Include="Tests\HotSpotConfigurationTests.cpp">
      <Filter>Source Files\Tests</Filter>
    </ClCompile>
    <ClCompile Include="configurations\hotspot_configuration.cpp">
      <Filter>Source Files\configurations</Filter>
    </ClCompile>
    <ClCompile Include="Tests\HtmlRendererTests.cpp">
      <Filter>Source Files\Tests</Filter>
    </ClCompile>
    <ClCompile Include="Tests\InputFormRendererTests.cpp">
      <Filter>Source Files\Tests</Filter>
    </ClCompile>
    <ClCompile Include="Tests\Mocks\MockCredentialsHandler.cpp">
      <Filter>Source Files\Tests\Mocks</Filter>
    </ClCompile>
    <ClCompile Include="Tests\Mocks\MockHtmlRenderer.cpp">
      <Filter>Source Files\Tests\Mocks</Filter>
    </ClCompile>
    <ClCompile Include="Tests\Mocks\MockInputFormRenderer.cpp">
      <Filter>Source Files\Tests\Mocks</Filter>
    </ClCompile>
    <ClCompile Include="logic\input_form\html_renderer.cpp">
      <Filter>Source Files\logic\input_form</Filter>
    </ClCompile>
    <ClCompile Include="logic\input_form\input_form_renderer.cpp">
      <Filter>Source Files\logic\input_form</Filter>
    </ClCompile>
    <ClCompile Include="logic\credentials\credentials_handler.cpp">
      <Filter>Source Files\logic\credentials</Filter>
    </ClCompile>
  </ItemGroup>
  <ItemGroup>
    <ClInclude Include="Tests\LedConfigurationTests.h">
      <Filter>Source Files\Tests</Filter>
    </ClInclude>
    <ClInclude Include="configurations\configuration.h">
      <Filter>Source Files\configurations</Filter>
    </ClInclude>
    <ClInclude Include="configurations\led_configuration.h">
      <Filter>Source Files\configurations</Filter>
    </ClInclude>
    <ClInclude Include="Header.h">
      <Filter>Source Files\Tests</Filter>
    </ClInclude>
    <ClInclude Include="Tests\Assert.h">
      <Filter>Source Files\Tests</Filter>
    </ClInclude>
    <ClInclude Include="Tests\HotSpotConfigurationTests.h">
      <Filter>Source Files\Tests</Filter>
    </ClInclude>
    <ClInclude Include="configurations\hotspot_configuration.h">
      <Filter>Source Files\configurations</Filter>
    </ClInclude>
    <ClInclude Include="Tests\ITestModule.h">
      <Filter>Source Files\Tests</Filter>
    </ClInclude>
    <ClInclude Include="Tests\HtmlRendererTests.h">
      <Filter>Source Files\Tests</Filter>
    </ClInclude>
    <ClInclude Include="Tests\InputFormRendererTests.h">
      <Filter>Source Files\Tests</Filter>
    </ClInclude>
    <ClInclude Include="Tests\Mocks\MockCredentialsHandler.h">
      <Filter>Source Files\Tests\Mocks</Filter>
    </ClInclude>
    <ClInclude Include="Tests\Mocks\MockHtmlRenderer.h">
      <Filter>Source Files\Tests\Mocks</Filter>
    </ClInclude>
    <ClInclude Include="Tests\Mocks\MockInputFormRenderer.h">
      <Filter>Source Files\Tests\Mocks</Filter>
    </ClInclude>
    <ClInclude Include="logic\input_form\html_renderer.h">
      <Filter>Source Files\logic\input_form</Filter>
    </ClInclude>
    <ClInclude Include="logic\input_form\ihtml_renderer.h">
      <Filter>Source Files\logic\input_form</Filter>
    </ClInclude>
    <ClInclude Include="logic\input_form\iinput_form_renderer.h">
      <Filter>Source Files\logic\input_form</Filter>
    </ClInclude>
    <ClInclude Include="logic\input_form\input_form_renderer.h">
      <Filter>Source Files\logic\input_form</Filter>
    </ClInclude>
    <ClInclude Include="logic\credentials\icredentials_handler.h">
      <Filter>Source Files\logic\credentials</Filter>
    </ClInclude>
    <ClInclude Include="logic\credentials\credentials_handler.h">
      <Filter>Source Files\logic\credentials</Filter>
    </ClInclude>
  </ItemGroup>
</Project>