<?xml version="1.0" encoding="utf-8"?>
<Project ToolsVersion="4.0" xmlns="http://schemas.microsoft.com/developer/msbuild/2003">
  <ItemGroup>
    <Filter Include="Source Files">
      <UniqueIdentifier>{4FC737F1-C7A5-4376-A066-2A32D752A2FF}</UniqueIdentifier>
      <Extensions>cpp;c;cc;cxx;c++;cppm;ixx;def;odl;idl;hpj;bat;asm;asmx</Extensions>
    </Filter>
    <Filter Include="Header Files">
      <UniqueIdentifier>{93995380-89BD-4b04-88EB-625FBE52EBFB}</UniqueIdentifier>
      <Extensions>h;hh;hpp;hxx;h++;hm;inl;inc;ipp;xsd</Extensions>
    </Filter>
    <Filter Include="Resource Files">
      <UniqueIdentifier>{67DA6AB6-F800-4c08-8B7A-83BB121AAD01}</UniqueIdentifier>
      <Extensions>rc;ico;cur;bmp;dlg;rc2;rct;bin;rgs;gif;jpg;jpeg;jpe;resx;tiff;tif;png;wav;mfcribbon-ms</Extensions>
    </Filter>
    <Filter Include="Source Files\Tests">
      <UniqueIdentifier>{2fc39c1d-173f-423a-9fe7-33a4e59a5975}</UniqueIdentifier>
    </Filter>
    <Filter Include="Source Files\Tests\test_framework">
      <UniqueIdentifier>{181653f4-659d-4aff-a031-4eb3c45a548c}</UniqueIdentifier>
    </Filter>
    <Filter Include="Source Files\Tests\tools">
      <UniqueIdentifier>{60173621-dcaa-485d-a525-fdc48a32ace4}</UniqueIdentifier>
    </Filter>
    <Filter Include="Source Files\Tests\api">
      <UniqueIdentifier>{e352c41c-8572-472a-a558-54e6e3f5ba21}</UniqueIdentifier>
    </Filter>
    <Filter Include="Source Files\Tools">
      <UniqueIdentifier>{fba2e033-3fef-4861-bfcc-f0582f70d558}</UniqueIdentifier>
    </Filter>
    <Filter Include="Source Files\api">
      <UniqueIdentifier>{8f62f2fc-e9eb-40af-a5db-f55b282a16bb}</UniqueIdentifier>
    </Filter>
    <Filter Include="Source Files\api\api_actions">
      <UniqueIdentifier>{30c0d628-7e42-432d-b712-4c12149d9b66}</UniqueIdentifier>
    </Filter>
    <Filter Include="Source Files\Tests\api\api_actions">
      <UniqueIdentifier>{3d659bc5-8138-477c-9023-0d8669a06a4a}</UniqueIdentifier>
    </Filter>
    <Filter Include="Source Files\Tests\pico_scope">
      <UniqueIdentifier>{6b97764e-2e4e-4d67-91a5-ad1dbfceffe9}</UniqueIdentifier>
    </Filter>
    <Filter Include="Source Files\pico_scope">
      <UniqueIdentifier>{9050a46a-6731-4f18-9734-8c3c1d7fbbab}</UniqueIdentifier>
    </Filter>
    <Filter Include="Source Files\Tests\Mocks">
      <UniqueIdentifier>{b69c9741-cde0-45c6-aa10-dedf8bd5e261}</UniqueIdentifier>
    </Filter>
    <Filter Include="Source Files\Tests\codes">
      <UniqueIdentifier>{0c2161c4-2251-44d8-8741-863ba0bfff13}</UniqueIdentifier>
    </Filter>
    <Filter Include="Source Files\codes">
      <UniqueIdentifier>{88c2f74a-3d31-468f-a042-02d4a2bcc831}</UniqueIdentifier>
    </Filter>
    <Filter Include="Source Files\api\formatters">
      <UniqueIdentifier>{97845ae7-b1cf-414b-b66e-6659c4e2176f}</UniqueIdentifier>
    </Filter>
    <Filter Include="Source Files\Tests\api\formatters">
      <UniqueIdentifier>{929076aa-331a-4cdc-ac55-3cecc7ffcb1e}</UniqueIdentifier>
    </Filter>
    <Filter Include="Source Files\transmit">
      <UniqueIdentifier>{0bdfb913-075a-4057-a038-7b621da450b0}</UniqueIdentifier>
    </Filter>
    <Filter Include="Source Files\Tests\transmit">
      <UniqueIdentifier>{0beafcf7-2777-4123-9aef-53d33b824daf}</UniqueIdentifier>
    </Filter>
    <Filter Include="Source Files\Tests\gpio">
      <UniqueIdentifier>{ed9cc7fe-33e7-4ae9-80c9-7e0ef6e98ae8}</UniqueIdentifier>
    </Filter>
    <Filter Include="Source Files\gpio">
      <UniqueIdentifier>{6a98b4cf-d957-437b-a021-ba456a240313}</UniqueIdentifier>
    </Filter>
    <Filter Include="Source Files\Tests\rest">
      <UniqueIdentifier>{c4be1bc7-82be-4f77-9297-a2d8f0ff7538}</UniqueIdentifier>
    </Filter>
    <Filter Include="Source Files\rest">
      <UniqueIdentifier>{0044486b-f2a7-4bef-897c-4ca9d440ccdb}</UniqueIdentifier>
    </Filter>
    <Filter Include="Source Files\Tests\wifi">
      <UniqueIdentifier>{2dc9d560-fca5-4daa-ab76-b795c4b4f4c9}</UniqueIdentifier>
    </Filter>
    <Filter Include="Source Files\Tests\wifi\input_form">
      <UniqueIdentifier>{a95bc5fa-3f58-4fa5-a13b-86710a27a4ce}</UniqueIdentifier>
    </Filter>
    <Filter Include="Source Files\wifi">
      <UniqueIdentifier>{ed218811-6cda-4874-84bb-8496913b51b5}</UniqueIdentifier>
    </Filter>
    <Filter Include="Source Files\wifi\tcpserver">
      <UniqueIdentifier>{f0ec6870-667d-4151-aef0-8a4f8181b1fd}</UniqueIdentifier>
    </Filter>
    <Filter Include="Source Files\Tests\wifi\tcpserver">
      <UniqueIdentifier>{d6847bc8-1885-4a74-8076-c4cf9b990cf2}</UniqueIdentifier>
    </Filter>
    <Filter Include="Source Files\wifi\input_form">
      <UniqueIdentifier>{c451e705-01dd-4a68-8665-888f75ff4844}</UniqueIdentifier>
    </Filter>
  </ItemGroup>
  <ItemGroup>
    <ClCompile Include="IrXmitterTests.cpp">
      <Filter>Source Files</Filter>
    </ClCompile>
    <ClCompile Include="tools\MessageLoggerTests.cpp">
      <Filter>Source Files\Tests\tools</Filter>
    </ClCompile>
    <ClCompile Include="TestFramework\Assert.cpp">
      <Filter>Source Files\Tests\test_framework</Filter>
    </ClCompile>
    <ClCompile Include="TestFramework\TestFramework.cpp">
      <Filter>Source Files\Tests\test_framework</Filter>
    </ClCompile>
    <ClCompile Include="TestFramework\TestModule.cpp">
      <Filter>Source Files\Tests\test_framework</Filter>
    </ClCompile>
    <ClCompile Include="..\tools\message_logger.cpp">
      <Filter>Source Files\Tools</Filter>
    </ClCompile>
    <ClCompile Include="..\api\api_actions\log_display_action.cpp">
      <Filter>Source Files\api\api_actions</Filter>
    </ClCompile>
    <ClCompile Include="api\api_actions\logs_display_action_tests.cpp">
      <Filter>Source Files\Tests\api\api_actions</Filter>
    </ClCompile>
    <ClCompile Include="pico_scope\PicoScopeTests.cpp">
      <Filter>Source Files\Tests\pico_scope</Filter>
    </ClCompile>
    <ClCompile Include="pico_scope\TraceDataFormatterTests.cpp">
      <Filter>Source Files\Tests\pico_scope</Filter>
    </ClCompile>
    <ClCompile Include="..\pico_scope\pico_scope.cpp">
      <Filter>Source Files\pico_scope</Filter>
    </ClCompile>
    <ClCompile Include="..\pico_scope\pico_scope_trace.cpp">
      <Filter>Source Files\pico_scope</Filter>
    </ClCompile>
    <ClCompile Include="..\pico_scope\trace_data_formatter.cpp">
      <Filter>Source Files\pico_scope</Filter>
    </ClCompile>
    <ClCompile Include="codes\CodesRepositoryTests.cpp">
      <Filter>Source Files\Tests\codes</Filter>
    </ClCompile>
    <ClCompile Include="..\codes\ir_codes_repository.cpp">
      <Filter>Source Files\codes</Filter>
    </ClCompile>
    <ClCompile Include="..\api\api_actions\codes_display_action.cpp">
      <Filter>Source Files\api\api_actions</Filter>
    </ClCompile>
    <ClCompile Include="..\api\api_actions\home_display_action.cpp">
      <Filter>Source Files\api\api_actions</Filter>
    </ClCompile>
    <ClCompile Include="..\api\formatters\code_display_formatter.cpp">
      <Filter>Source Files\api\formatters</Filter>
    </ClCompile>
    <ClCompile Include="api\formatters\code_display_fomatter_tests.cpp">
      <Filter>Source Files\Tests\api\formatters</Filter>
    </ClCompile>
    <ClCompile Include="gpio\GPIOTests.cpp">
      <Filter>Source Files\Tests\gpio</Filter>
    </ClCompile>
    <ClCompile Include="..\gpio\gpio_input.cpp">
      <Filter>Source Files\gpio</Filter>
    </ClCompile>
    <ClCompile Include="..\gpio\gpio_output.cpp">
      <Filter>Source Files\gpio</Filter>
    </ClCompile>
    <ClCompile Include="rest\RestHandlerTests.cpp">
      <Filter>Source Files\Tests\rest</Filter>
    </ClCompile>
    <ClCompile Include="rest\TcpRequestMakerTests.cpp">
      <Filter>Source Files\Tests\rest</Filter>
    </ClCompile>
    <ClCompile Include="rest\TcpResponseAnalyserTests.cpp">
      <Filter>Source Files\Tests\rest</Filter>
    </ClCompile>
    <ClCompile Include="..\rest\rest_handler.cpp">
      <Filter>Source Files\rest</Filter>
    </ClCompile>
    <ClCompile Include="..\rest\tcp_request_maker.cpp">
      <Filter>Source Files\rest</Filter>
    </ClCompile>
    <ClCompile Include="..\rest\tcp_response_analyser.cpp">
      <Filter>Source Files\rest</Filter>
    </ClCompile>
    <ClCompile Include="pico_scope\PicoScopeCaptureAndPostTests.cpp">
      <Filter>Source Files\Tests\pico_scope</Filter>
    </ClCompile>
    <ClCompile Include="..\pico_scope\pico_scope_capture_and_post.cpp">
      <Filter>Source Files\pico_scope</Filter>
    </ClCompile>
    <ClCompile Include="tools\BlinkerTests.cpp">
      <Filter>Source Files\Tests\tools</Filter>
    </ClCompile>
    <ClCompile Include="..\tools\blinker.cpp">
      <Filter>Source Files\Tools</Filter>
    </ClCompile>
    <ClCompile Include="..\api\api_actions\raw_display_action.cpp">
      <Filter>Source Files\api\api_actions</Filter>
    </ClCompile>
    <ClCompile Include="api\api_actions\codes_display_action_tests.cpp">
      <Filter>Source Files\Tests\api\api_actions</Filter>
    </ClCompile>
    <ClCompile Include="api\api_actions\home_display_action_tests.cpp">
      <Filter>Source Files\Tests\api\api_actions</Filter>
    </ClCompile>
    <ClCompile Include="api\api_actions\raw_display_action_tests.cpp">
      <Filter>Source Files\Tests\api\api_actions</Filter>
    </ClCompile>
    <ClCompile Include="..\codes\code_sequence_repository.cpp">
      <Filter>Source Files\codes</Filter>
    </ClCompile>
    <ClCompile Include="transmit\IrSequenceSenderTests.cpp">
      <Filter>Source Files\Tests\transmit</Filter>
    </ClCompile>
    <ClCompile Include="..\transmit\ir_code_sender.cpp">
      <Filter>Source Files\transmit</Filter>
    </ClCompile>
    <ClCompile Include="..\transmit\ir_sequence_sender.cpp">
      <Filter>Source Files\transmit</Filter>
    </ClCompile>
    <ClCompile Include="transmit\IrCodeSenderTests.cpp">
      <Filter>Source Files\Tests\transmit</Filter>
    </ClCompile>
    <ClCompile Include="api\formatters\button_formatter_tests.cpp">
      <Filter>Source Files\Tests\api\formatters</Filter>
    </ClCompile>
    <ClCompile Include="..\api\formatters\button_formatter.cpp">
      <Filter>Source Files\api\formatters</Filter>
    </ClCompile>
    <ClCompile Include="codes\CodeSequenceRepositoryTests.cpp">
      <Filter>Source Files\Tests\codes</Filter>
    </ClCompile>
    <ClCompile Include="api\api_actions\play_ir_code_action_tests.cpp">
      <Filter>Source Files\Tests\api\api_actions</Filter>
    </ClCompile>
    <ClCompile Include="api\api_actions\play_ir_sequence_action_tests.cpp">
      <Filter>Source Files\Tests\api\api_actions</Filter>
    </ClCompile>
    <ClCompile Include="..\api\api_actions\play_ir_code_action.cpp">
      <Filter>Source Files\api\api_actions</Filter>
    </ClCompile>
    <ClCompile Include="..\api\api_actions\play_ir_sequence_action.cpp">
      <Filter>Source Files\api\api_actions</Filter>
    </ClCompile>
    <ClCompile Include="api\api_actions\code_sequences_display_action_tests.cpp">
      <Filter>Source Files\Tests\api\api_actions</Filter>
    </ClCompile>
    <ClCompile Include="..\api\api_actions\code_sequences_display_action.cpp">
      <Filter>Source Files\api\api_actions</Filter>
    </ClCompile>
    <ClCompile Include="wifi\input_form\HtmlRendererTests.cpp">
      <Filter>Source Files\Tests\wifi\input_form</Filter>
    </ClCompile>
    <ClCompile Include="wifi\input_form\InputFormRendererTests.cpp">
      <Filter>Source Files\Tests\wifi\input_form</Filter>
    </ClCompile>
    <ClCompile Include="..\wifi\tcpserver\http_response_packager.cpp">
      <Filter>Source Files\wifi\tcpserver</Filter>
    </ClCompile>
    <ClCompile Include="wifi\tcpserver\http_response_packager_tests.cpp">
      <Filter>Source Files\Tests\wifi\tcpserver</Filter>
    </ClCompile>
    <ClCompile Include="..\wifi\input_form\html_renderer.cpp">
      <Filter>Source Files\wifi\input_form</Filter>
    </ClCompile>
    <ClCompile Include="..\wifi\input_form\input_form_renderer.cpp">
      <Filter>Source Files\wifi\input_form</Filter>
    </ClCompile>
    <ClCompile Include="api\ir_controller_http_request_router_tests.cpp">
      <Filter>Source Files\Tests\api</Filter>
    </ClCompile>
    <ClCompile Include="..\api\ir_controller_http_request_router.cpp">
      <Filter>Source Files\api\formatters</Filter>
    </ClCompile>
    <ClCompile Include="..\wifi\input_form\SSIDPasswordInputFormRenderer.cpp">
      <Filter>Source Files\wifi\input_form</Filter>
    </ClCompile>
    <ClCompile Include="wifi\input_form\SSIDPasswordInputFormRendererTests.cpp">
      <Filter>Source Files\Tests\wifi\input_form</Filter>
    </ClCompile>
    <ClCompile Include="wifi\HotSpotRequestRouterTests.cpp">
      <Filter>Source Files\Tests\wifi</Filter>
    </ClCompile>
    <ClCompile Include="..\wifi\hotspot_request_router.cpp">
      <Filter>Source Files\wifi</Filter>
    </ClCompile>
  </ItemGroup>
  <ItemGroup>
    <ClInclude Include="tools\MessageLoggerTests.h">
      <Filter>Source Files\Tests\tools</Filter>
    </ClInclude>
    <ClInclude Include="TestFramework\Assert.h">
      <Filter>Source Files\Tests\test_framework</Filter>
    </ClInclude>
    <ClInclude Include="TestFramework\ITestModule.h">
      <Filter>Source Files\Tests\test_framework</Filter>
    </ClInclude>
    <ClInclude Include="TestFramework\TestFramework.h">
      <Filter>Source Files\Tests\test_framework</Filter>
    </ClInclude>
    <ClInclude Include="..\tools\message_logger.h">
      <Filter>Source Files\Tools</Filter>
    </ClInclude>
    <ClInclude Include="..\api\api_actions\log_display_action.h">
      <Filter>Source Files\api\api_actions</Filter>
    </ClInclude>
    <ClInclude Include="api\api_actions\logs_display_action_tests.h">
      <Filter>Source Files\Tests\api\api_actions</Filter>
    </ClInclude>
    <ClInclude Include="pico_scope\PicoScopeTests.h">
      <Filter>Source Files\Tests\pico_scope</Filter>
    </ClInclude>
    <ClInclude Include="pico_scope\TraceDataFormatterTests.h">
      <Filter>Source Files\Tests\pico_scope</Filter>
    </ClInclude>
    <ClInclude Include="..\pico_scope\pico_scope.h">
      <Filter>Source Files\pico_scope</Filter>
    </ClInclude>
    <ClInclude Include="..\pico_scope\pico_scope_configuration.h">
      <Filter>Source Files\pico_scope</Filter>
    </ClInclude>
    <ClInclude Include="Mocks\MockHardwareInteface.h">
      <Filter>Source Files\Tests\Mocks</Filter>
    </ClInclude>
    <ClInclude Include="..\api\api_actions\record_ir_action.h">
      <Filter>Source Files\api\api_actions</Filter>
    </ClInclude>
    <ClInclude Include="codes\CodesRepositoryTests.h">
      <Filter>Source Files\Tests\codes</Filter>
    </ClInclude>
    <ClInclude Include="..\codes\ir_code.h">
      <Filter>Source Files\codes</Filter>
    </ClInclude>
    <ClInclude Include="..\codes\ir_codes_repository.h">
      <Filter>Source Files\codes</Filter>
    </ClInclude>
    <ClInclude Include="..\api\api_actions\codes_display_action.h">
      <Filter>Source Files\api\api_actions</Filter>
    </ClInclude>
    <ClInclude Include="..\api\api_actions\home_display_action.h">
      <Filter>Source Files\api\api_actions</Filter>
    </ClInclude>
    <ClInclude Include="Mocks\MockApiAction.h">
      <Filter>Source Files\Tests\Mocks</Filter>
    </ClInclude>
    <ClInclude Include="..\api\formatters\code_display_formatter.h">
      <Filter>Source Files\api\formatters</Filter>
    </ClInclude>
    <ClInclude Include="api\formatters\code_display_fomatter_tests.h">
      <Filter>Source Files\Tests\api\formatters</Filter>
    </ClInclude>
    <ClInclude Include="..\api\api_actions\api_action.h">
      <Filter>Source Files\api\api_actions</Filter>
    </ClInclude>
    <ClInclude Include="gpio\GPIOTests.h">
      <Filter>Source Files\Tests\gpio</Filter>
    </ClInclude>
    <ClInclude Include="..\gpio\gpio.h">
      <Filter>Source Files\gpio</Filter>
    </ClInclude>
    <ClInclude Include="rest\RestHandlerTests.h">
      <Filter>Source Files\Tests\rest</Filter>
    </ClInclude>
    <ClInclude Include="rest\TcpRequestMakerTests.h">
      <Filter>Source Files\Tests\rest</Filter>
    </ClInclude>
    <ClInclude Include="rest\TcpResponseAnalyserTests.h">
      <Filter>Source Files\Tests\rest</Filter>
    </ClInclude>
    <ClInclude Include="..\rest\rest_handler.h">
      <Filter>Source Files\rest</Filter>
    </ClInclude>
    <ClInclude Include="..\rest\tcp_request_error_logger.h">
      <Filter>Source Files\rest</Filter>
    </ClInclude>
    <ClInclude Include="..\rest\tcp_request_maker.h">
      <Filter>Source Files\rest</Filter>
    </ClInclude>
    <ClInclude Include="..\rest\tcp_response_analyser.h">
      <Filter>Source Files\rest</Filter>
    </ClInclude>
    <ClInclude Include="pico_scope\PicoScopeCaptureAndPostTests.h">
      <Filter>Source Files\Tests\pico_scope</Filter>
    </ClInclude>
    <ClInclude Include="..\pico_scope\pico_scope_capture_and_post.h">
      <Filter>Source Files\pico_scope</Filter>
    </ClInclude>
    <ClInclude Include="tools\BlinkerTests.h">
      <Filter>Source Files\Tests\tools</Filter>
    </ClInclude>
    <ClInclude Include="..\tools\blinker.h">
      <Filter>Source Files\Tools</Filter>
    </ClInclude>
    <ClInclude Include="..\api\api_actions\raw_display_action.h">
      <Filter>Source Files\api\api_actions</Filter>
    </ClInclude>
    <ClInclude Include="api\api_actions\codes_display_action_tests.h">
      <Filter>Source Files\Tests\api\api_actions</Filter>
    </ClInclude>
    <ClInclude Include="api\api_actions\home_display_action_tests.h">
      <Filter>Source Files\Tests\api\api_actions</Filter>
    </ClInclude>
    <ClInclude Include="api\api_actions\raw_display_action_tests.h">
      <Filter>Source Files\Tests\api\api_actions</Filter>
    </ClInclude>
    <ClInclude Include="..\codes\code_sequence.h">
      <Filter>Source Files\codes</Filter>
    </ClInclude>
    <ClInclude Include="..\codes\code_sequence_repository.h">
      <Filter>Source Files\codes</Filter>
    </ClInclude>
    <ClInclude Include="transmit\IrSequenceSenderTests.h">
      <Filter>Source Files\Tests\transmit</Filter>
    </ClInclude>
    <ClInclude Include="..\transmit\ir_code_sender.h">
      <Filter>Source Files\transmit</Filter>
    </ClInclude>
    <ClInclude Include="..\transmit\ir_sequence_sender.h">
      <Filter>Source Files\transmit</Filter>
    </ClInclude>
    <ClInclude Include="transmit\IrCodeSenderTests.h">
      <Filter>Source Files\Tests\transmit</Filter>
    </ClInclude>
    <ClInclude Include="api\formatters\button_formatter_tests.h">
      <Filter>Source Files\Tests\api\formatters</Filter>
    </ClInclude>
    <ClInclude Include="..\api\formatters\button_formatter.h">
      <Filter>Source Files\api\formatters</Filter>
    </ClInclude>
    <ClInclude Include="codes\CodeSequenceRepositoryTests.h">
      <Filter>Source Files\Tests\codes</Filter>
    </ClInclude>
    <ClInclude Include="api\api_actions\play_ir_code_action_tests.h">
      <Filter>Source Files\Tests\api\api_actions</Filter>
    </ClInclude>
    <ClInclude Include="api\api_actions\play_ir_sequence_action_tests.h">
      <Filter>Source Files\Tests\api\api_actions</Filter>
    </ClInclude>
    <ClInclude Include="..\api\api_actions\play_ir_code_action.h">
      <Filter>Source Files\api\api_actions</Filter>
    </ClInclude>
    <ClInclude Include="..\api\api_actions\play_ir_sequence_action.h">
      <Filter>Source Files\api\api_actions</Filter>
    </ClInclude>
    <ClInclude Include="api\api_actions\code_sequences_display_action_tests.h">
      <Filter>Source Files\Tests\api\api_actions</Filter>
    </ClInclude>
    <ClInclude Include="..\api\api_actions\code_sequences_display_action.h">
      <Filter>Source Files\api\api_actions</Filter>
    </ClInclude>
    <ClInclude Include="wifi\input_form\HtmlRendererTests.h">
      <Filter>Source Files\Tests\wifi\input_form</Filter>
    </ClInclude>
    <ClInclude Include="wifi\input_form\InputFormRendererTests.h">
      <Filter>Source Files\Tests\wifi\input_form</Filter>
    </ClInclude>
    <ClInclude Include="..\wifi\tcpserver\http_response_packager.h">
      <Filter>Source Files\wifi\tcpserver</Filter>
    </ClInclude>
    <ClInclude Include="wifi\tcpserver\http_response_packager_tests.h">
      <Filter>Source Files\Tests\wifi\tcpserver</Filter>
    </ClInclude>
    <ClInclude Include="..\wifi\input_form\html_renderer.h">
      <Filter>Source Files\wifi\input_form</Filter>
    </ClInclude>
    <ClInclude Include="..\wifi\input_form\ihtml_renderer.h">
      <Filter>Source Files\wifi\input_form</Filter>
    </ClInclude>
    <ClInclude Include="..\wifi\input_form\input_form_renderer.h">
      <Filter>Source Files\wifi\input_form</Filter>
    </ClInclude>
    <ClInclude Include="api\ir_controller_http_request_router_tests.h">
      <Filter>Source Files\Tests\api</Filter>
    </ClInclude>
    <ClInclude Include="..\api\ir_controller_http_request_router.h">
      <Filter>Source Files\api\formatters</Filter>
    </ClInclude>
    <ClInclude Include="..\wifi\input_form\SSIDPasswordInputFormRenderer.h">
      <Filter>Source Files\wifi\input_form</Filter>
    </ClInclude>
    <ClInclude Include="wifi\input_form\SSIDPasswordInputFormRendererTests.h">
      <Filter>Source Files\Tests\wifi\input_form</Filter>
    </ClInclude>
    <ClInclude Include="wifi\HotSpotRequestRouterTests.h">
      <Filter>Source Files\Tests\wifi</Filter>
    </ClInclude>
    <ClInclude Include="Mocks\MockHttpRequestRouter.h">
      <Filter>Source Files\Tests\Mocks</Filter>
    </ClInclude>
    <ClInclude Include="..\wifi\hotspot_request_router.h">
      <Filter>Source Files\wifi</Filter>
    </ClInclude>
    <ClInclude Include="..\wifi\input_form\irenderer.h">
      <Filter>Source Files\wifi\input_form</Filter>
    </ClInclude>
  </ItemGroup>
</Project>