<?xml version="1.0" encoding="utf-8"?>
<Project ToolsVersion="4.0" xmlns="http://schemas.microsoft.com/developer/msbuild/2003">
  <ItemGroup>
    <Filter Include="Source Files">
      <UniqueIdentifier>{4FC737F1-C7A5-4376-A066-2A32D752A2FF}</UniqueIdentifier>
      <Extensions>cpp;c;cc;cxx;c++;cppm;ixx;def;odl;idl;hpj;bat;asm;asmx</Extensions>
    </Filter>
    <Filter Include="Header Files">
      <UniqueIdentifier>{93995380-89BD-4b04-88EB-625FBE52EBFB}</UniqueIdentifier>
      <Extensions>h;hh;hpp;hxx;h++;hm;inl;inc;ipp;xsd</Extensions>
    </Filter>
    <Filter Include="Resource Files">
      <UniqueIdentifier>{67DA6AB6-F800-4c08-8B7A-83BB121AAD01}</UniqueIdentifier>
      <Extensions>rc;ico;cur;bmp;dlg;rc2;rct;bin;rgs;gif;jpg;jpeg;jpe;resx;tiff;tif;png;wav;mfcribbon-ms</Extensions>
    </Filter>
    <Filter Include="Source Files\Tests">
      <UniqueIdentifier>{2fc39c1d-173f-423a-9fe7-33a4e59a5975}</UniqueIdentifier>
    </Filter>
    <Filter Include="Source Files\Tests\test_framework">
      <UniqueIdentifier>{181653f4-659d-4aff-a031-4eb3c45a548c}</UniqueIdentifier>
    </Filter>
    <Filter Include="Source Files\Tests\tools">
      <UniqueIdentifier>{60173621-dcaa-485d-a525-fdc48a32ace4}</UniqueIdentifier>
    </Filter>
    <Filter Include="Source Files\Tests\api">
      <UniqueIdentifier>{e352c41c-8572-472a-a558-54e6e3f5ba21}</UniqueIdentifier>
    </Filter>
    <Filter Include="Source Files\Tools">
      <UniqueIdentifier>{fba2e033-3fef-4861-bfcc-f0582f70d558}</UniqueIdentifier>
    </Filter>
    <Filter Include="Source Files\api">
      <UniqueIdentifier>{8f62f2fc-e9eb-40af-a5db-f55b282a16bb}</UniqueIdentifier>
    </Filter>
    <Filter Include="Source Files\Tests\tcp_server">
      <UniqueIdentifier>{a9274f04-c2c6-4b2f-ab30-c0b460142dea}</UniqueIdentifier>
    </Filter>
    <Filter Include="Source Files\tcp_server">
      <UniqueIdentifier>{6ea779e1-5593-48ca-80f1-f948f17fe3a9}</UniqueIdentifier>
    </Filter>
    <Filter Include="Source Files\api\api_actions">
      <UniqueIdentifier>{30c0d628-7e42-432d-b712-4c12149d9b66}</UniqueIdentifier>
    </Filter>
    <Filter Include="Source Files\Tests\api\api_actions">
      <UniqueIdentifier>{3d659bc5-8138-477c-9023-0d8669a06a4a}</UniqueIdentifier>
    </Filter>
    <Filter Include="Source Files\Tests\pico_scope">
      <UniqueIdentifier>{6b97764e-2e4e-4d67-91a5-ad1dbfceffe9}</UniqueIdentifier>
    </Filter>
    <Filter Include="Source Files\pico_scope">
      <UniqueIdentifier>{9050a46a-6731-4f18-9734-8c3c1d7fbbab}</UniqueIdentifier>
    </Filter>
    <Filter Include="Source Files\Tests\Mocks">
      <UniqueIdentifier>{b69c9741-cde0-45c6-aa10-dedf8bd5e261}</UniqueIdentifier>
    </Filter>
  </ItemGroup>
  <ItemGroup>
    <ClCompile Include="IrXmitterTests.cpp">
      <Filter>Source Files</Filter>
    </ClCompile>
    <ClCompile Include="api\http_request_router_tests.cpp">
      <Filter>Source Files\Tests\api</Filter>
    </ClCompile>
    <ClCompile Include="tools\MessageLoggerTests.cpp">
      <Filter>Source Files\Tests\tools</Filter>
    </ClCompile>
    <ClCompile Include="TestFramework\Assert.cpp">
      <Filter>Source Files\Tests\test_framework</Filter>
    </ClCompile>
    <ClCompile Include="TestFramework\TestFramework.cpp">
      <Filter>Source Files\Tests\test_framework</Filter>
    </ClCompile>
    <ClCompile Include="TestFramework\TestModule.cpp">
      <Filter>Source Files\Tests\test_framework</Filter>
    </ClCompile>
    <ClCompile Include="..\tools\message_logger.cpp">
      <Filter>Source Files\Tools</Filter>
    </ClCompile>
    <ClCompile Include="..\api\http_request_router.cpp">
      <Filter>Source Files\api</Filter>
    </ClCompile>
    <ClCompile Include="tcp_server\http_response_packager_tests.cpp">
      <Filter>Source Files\Tests\tcp_server</Filter>
    </ClCompile>
    <ClCompile Include="..\tcp_server\http_response_packager.cpp">
      <Filter>Source Files\tcp_server</Filter>
    </ClCompile>
    <ClCompile Include="..\api\api_actions\log_display_action.cpp">
      <Filter>Source Files\api\api_actions</Filter>
    </ClCompile>
    <ClCompile Include="api\api_actions\logs_display_action_tests.cpp">
      <Filter>Source Files\Tests\api\api_actions</Filter>
    </ClCompile>
    <ClCompile Include="pico_scope\PicoScopeTests.cpp">
      <Filter>Source Files\Tests\pico_scope</Filter>
    </ClCompile>
    <ClCompile Include="pico_scope\TraceDataFormatterTests.cpp">
      <Filter>Source Files\Tests\pico_scope</Filter>
    </ClCompile>
    <ClCompile Include="..\pico_scope\pico_scope.cpp">
      <Filter>Source Files\pico_scope</Filter>
    </ClCompile>
    <ClCompile Include="..\pico_scope\pico_scope_record_and_post.cpp">
      <Filter>Source Files\pico_scope</Filter>
    </ClCompile>
    <ClCompile Include="..\pico_scope\pico_scope_trace.cpp">
      <Filter>Source Files\pico_scope</Filter>
    </ClCompile>
    <ClCompile Include="..\pico_scope\trace_data_formatter.cpp">
      <Filter>Source Files\pico_scope</Filter>
    </ClCompile>
  </ItemGroup>
  <ItemGroup>
    <ClInclude Include="api\http_request_router_tests.h">
      <Filter>Source Files\Tests\api</Filter>
    </ClInclude>
    <ClInclude Include="tools\MessageLoggerTests.h">
      <Filter>Source Files\Tests\tools</Filter>
    </ClInclude>
    <ClInclude Include="TestFramework\Assert.h">
      <Filter>Source Files\Tests\test_framework</Filter>
    </ClInclude>
    <ClInclude Include="TestFramework\ITestModule.h">
      <Filter>Source Files\Tests\test_framework</Filter>
    </ClInclude>
    <ClInclude Include="TestFramework\TestFramework.h">
      <Filter>Source Files\Tests\test_framework</Filter>
    </ClInclude>
    <ClInclude Include="..\tools\message_logger.h">
      <Filter>Source Files\Tools</Filter>
    </ClInclude>
    <ClInclude Include="..\api\http_request_router.h">
      <Filter>Source Files\api</Filter>
    </ClInclude>
    <ClInclude Include="tcp_server\http_response_packager_tests.h">
      <Filter>Source Files\Tests\tcp_server</Filter>
    </ClInclude>
    <ClInclude Include="..\tcp_server\http_response_packager.h">
      <Filter>Source Files\tcp_server</Filter>
    </ClInclude>
    <ClInclude Include="..\api\api_actions\iapi_action.h">
      <Filter>Source Files\api\api_actions</Filter>
    </ClInclude>
    <ClInclude Include="..\api\api_actions\log_display_action.h">
      <Filter>Source Files\api\api_actions</Filter>
    </ClInclude>
    <ClInclude Include="api\api_actions\logs_display_action_tests.h">
      <Filter>Source Files\Tests\api\api_actions</Filter>
    </ClInclude>
    <ClInclude Include="pico_scope\PicoScopeTests.h">
      <Filter>Source Files\Tests\pico_scope</Filter>
    </ClInclude>
    <ClInclude Include="pico_scope\TraceDataFormatterTests.h">
      <Filter>Source Files\Tests\pico_scope</Filter>
    </ClInclude>
    <ClInclude Include="..\pico_scope\pico_scope.h">
      <Filter>Source Files\pico_scope</Filter>
    </ClInclude>
    <ClInclude Include="..\pico_scope\pico_scope_configuration.h">
      <Filter>Source Files\pico_scope</Filter>
    </ClInclude>
    <ClInclude Include="..\pico_scope\pico_scope_record_and_post.h">
      <Filter>Source Files\pico_scope</Filter>
    </ClInclude>
    <ClInclude Include="Mocks\MockHardwareInteface.h">
      <Filter>Source Files\Tests\Mocks</Filter>
    </ClInclude>
  </ItemGroup>
</Project>